
Microsoft Visual Studio Solution File, Format Version 12.00
# Visual Studio Version 17
VisualStudioVersion = 17.0.31903.59
MinimumVisualStudioVersion = 10.0.40219.1
Project("{9A19103F-16F7-4668-BE54-9A1E7A4F7556}") = "MabiClock", "MabiClock\MabiClock.csproj", "{5DE3A56C-455C-4787-BB03-78A15412459E}"
EndProject
Project("{9A19103F-16F7-4668-BE54-9A1E7A4F7556}") = "OutlineFont", "OutlineFont\OutlineFont.csproj", "{B24C3A0E-9440-456E-9055-C33A32CF9918}"
EndProject
Global
	GlobalSection(SolutionConfigurationPlatforms) = preSolution
		Debug|Any CPU = Debug|Any CPU
		Debug|x64 = Debug|x64
		Release|Any CPU = Release|Any CPU
		Release|x64 = Release|x64
	EndGlobalSection
	GlobalSection(ProjectConfigurationPlatforms) = postSolution
		{5DE3A56C-455C-4787-BB03-78A15412459E}.Debug|Any CPU.ActiveCfg = Debug|Any CPU
		{5DE3A56C-455C-4787-BB03-78A15412459E}.Debug|Any CPU.Build.0 = Debug|Any CPU
		{5DE3A56C-455C-4787-BB03-78A15412459E}.Debug|x64.ActiveCfg = Debug|x64
		{5DE3A56C-455C-4787-BB03-78A15412459E}.Debug|x64.Build.0 = Debug|x64
		{5DE3A56C-455C-4787-BB03-78A15412459E}.Release|Any CPU.ActiveCfg = Release|Any CPU
		{5DE3A56C-455C-4787-BB03-78A15412459E}.Release|Any CPU.Build.0 = Release|Any CPU
		{5DE3A56C-455C-4787-BB03-78A15412459E}.Release|x64.ActiveCfg = Release|x64
		{5DE3A56C-455C-4787-BB03-78A15412459E}.Release|x64.Build.0 = Release|x64
		{B24C3A0E-9440-456E-9055-C33A32CF9918}.Debug|Any CPU.ActiveCfg = Debug|Any CPU
		{B24C3A0E-9440-456E-9055-C33A32CF9918}.Debug|Any CPU.Build.0 = Debug|Any CPU
		{B24C3A0E-9440-456E-9055-C33A32CF9918}.Debug|x64.ActiveCfg = Debug|x64
		{B24C3A0E-9440-456E-9055-C33A32CF9918}.Debug|x64.Build.0 = Debug|x64
		{B24C3A0E-9440-456E-9055-C33A32CF9918}.Release|Any CPU.ActiveCfg = Release|Any CPU
		{B24C3A0E-9440-456E-9055-C33A32CF9918}.Release|Any CPU.Build.0 = Release|Any CPU
		{B24C3A0E-9440-456E-9055-C33A32CF9918}.Release|x64.ActiveCfg = Release|x64
		{B24C3A0E-9440-456E-9055-C33A32CF9918}.Release|x64.Build.0 = Release|x64
	EndGlobalSection
	GlobalSection(SolutionProperties) = preSolution
		HideSolutionNode = FALSE
	EndGlobalSection
	GlobalSection(ExtensibilityGlobals) = postSolution
		SolutionGuid = {A624371D-FE7A-4548-A2E8-740716E786E6}
	EndGlobalSection
EndGlobal
